
Microsoft Visual Studio Solution File, Format Version 12.00
# Visual Studio Version 17
VisualStudioVersion = 17.10.35004.147
MinimumVisualStudioVersion = 10.0.40219.1
Project("{FAE04EC0-301F-11D3-BF4B-00C04F79EFBC}") = "Caculator", "Caculator\Caculator.csproj", "{986AA9D3-5F9B-49D7-B241-E6E76660EE00}"
EndProject
Global
	GlobalSection(SolutionConfigurationPlatforms) = preSolution
		Debug|Any CPU = Debug|Any CPU
		Release|Any CPU = Release|Any CPU
	EndGlobalSection
	GlobalSection(ProjectConfigurationPlatforms) = postSolution
		{986AA9D3-5F9B-49D7-B241-E6E76660EE00}.Debug|Any CPU.ActiveCfg = Debug|Any CPU
		{986AA9D3-5F9B-49D7-B241-E6E76660EE00}.Debug|Any CPU.Build.0 = Debug|Any CPU
		{986AA9D3-5F9B-49D7-B241-E6E76660EE00}.Release|Any CPU.ActiveCfg = Release|Any CPU
		{986AA9D3-5F9B-49D7-B241-E6E76660EE00}.Release|Any CPU.Build.0 = Release|Any CPU
	EndGlobalSection
	GlobalSection(SolutionProperties) = preSolution
		HideSolutionNode = FALSE
	EndGlobalSection
	GlobalSection(ExtensibilityGlobals) = postSolution
		SolutionGuid = {B4D4C681-0424-4F56-965A-06BF17FB1603}
	EndGlobalSection
EndGlobal
